
Microsoft Visual Studio Solution File, Format Version 12.00
# Visual Studio 15
VisualStudioVersion = 15.0.26124.0
MinimumVisualStudioVersion = 15.0.26124.0
Project("{2150E333-8FDC-42A3-9474-1A3956D46DE8}") = "functions", "functions", "{DE5F691C-1EAA-4428-A80E-DCC2FF05894D}"
EndProject
Project("{FAE04EC0-301F-11D3-BF4B-00C04F79EFBC}") = "ProjectsApi", "functions\ProjectsApi\ProjectsApi.csproj", "{D0603359-4447-4E8C-AA66-B8267B540585}"
EndProject
Project("{FAE04EC0-301F-11D3-BF4B-00C04F79EFBC}") = "Proxy", "functions\Proxy\Proxy.csproj", "{50F8A4F5-6A6C-4C0C-84B6-DDAB920497C5}"
EndProject
Global
	GlobalSection(SolutionConfigurationPlatforms) = preSolution
		Debug|Any CPU = Debug|Any CPU
		Debug|x64 = Debug|x64
		Debug|x86 = Debug|x86
		Release|Any CPU = Release|Any CPU
		Release|x64 = Release|x64
		Release|x86 = Release|x86
	EndGlobalSection
	GlobalSection(SolutionProperties) = preSolution
		HideSolutionNode = FALSE
	EndGlobalSection
	GlobalSection(ProjectConfigurationPlatforms) = postSolution
		{D0603359-4447-4E8C-AA66-B8267B540585}.Debug|Any CPU.ActiveCfg = Debug|Any CPU
		{D0603359-4447-4E8C-AA66-B8267B540585}.Debug|Any CPU.Build.0 = Debug|Any CPU
		{D0603359-4447-4E8C-AA66-B8267B540585}.Debug|x64.ActiveCfg = Debug|Any CPU
		{D0603359-4447-4E8C-AA66-B8267B540585}.Debug|x64.Build.0 = Debug|Any CPU
		{D0603359-4447-4E8C-AA66-B8267B540585}.Debug|x86.ActiveCfg = Debug|Any CPU
		{D0603359-4447-4E8C-AA66-B8267B540585}.Debug|x86.Build.0 = Debug|Any CPU
		{D0603359-4447-4E8C-AA66-B8267B540585}.Release|Any CPU.ActiveCfg = Release|Any CPU
		{D0603359-4447-4E8C-AA66-B8267B540585}.Release|Any CPU.Build.0 = Release|Any CPU
		{D0603359-4447-4E8C-AA66-B8267B540585}.Release|x64.ActiveCfg = Release|Any CPU
		{D0603359-4447-4E8C-AA66-B8267B540585}.Release|x64.Build.0 = Release|Any CPU
		{D0603359-4447-4E8C-AA66-B8267B540585}.Release|x86.ActiveCfg = Release|Any CPU
		{D0603359-4447-4E8C-AA66-B8267B540585}.Release|x86.Build.0 = Release|Any CPU
		{50F8A4F5-6A6C-4C0C-84B6-DDAB920497C5}.Debug|Any CPU.ActiveCfg = Debug|Any CPU
		{50F8A4F5-6A6C-4C0C-84B6-DDAB920497C5}.Debug|Any CPU.Build.0 = Debug|Any CPU
		{50F8A4F5-6A6C-4C0C-84B6-DDAB920497C5}.Debug|x64.ActiveCfg = Debug|Any CPU
		{50F8A4F5-6A6C-4C0C-84B6-DDAB920497C5}.Debug|x64.Build.0 = Debug|Any CPU
		{50F8A4F5-6A6C-4C0C-84B6-DDAB920497C5}.Debug|x86.ActiveCfg = Debug|Any CPU
		{50F8A4F5-6A6C-4C0C-84B6-DDAB920497C5}.Debug|x86.Build.0 = Debug|Any CPU
		{50F8A4F5-6A6C-4C0C-84B6-DDAB920497C5}.Release|Any CPU.ActiveCfg = Release|Any CPU
		{50F8A4F5-6A6C-4C0C-84B6-DDAB920497C5}.Release|Any CPU.Build.0 = Release|Any CPU
		{50F8A4F5-6A6C-4C0C-84B6-DDAB920497C5}.Release|x64.ActiveCfg = Release|Any CPU
		{50F8A4F5-6A6C-4C0C-84B6-DDAB920497C5}.Release|x64.Build.0 = Release|Any CPU
		{50F8A4F5-6A6C-4C0C-84B6-DDAB920497C5}.Release|x86.ActiveCfg = Release|Any CPU
		{50F8A4F5-6A6C-4C0C-84B6-DDAB920497C5}.Release|x86.Build.0 = Release|Any CPU
	EndGlobalSection
	GlobalSection(NestedProjects) = preSolution
		{D0603359-4447-4E8C-AA66-B8267B540585} = {DE5F691C-1EAA-4428-A80E-DCC2FF05894D}
		{50F8A4F5-6A6C-4C0C-84B6-DDAB920497C5} = {DE5F691C-1EAA-4428-A80E-DCC2FF05894D}
	EndGlobalSection
EndGlobal
